// !$*UTF8*$!
{
	archiveVersion = 1;
	classes = {
	};
	objectVersion = 51;
	objects = {

/* Begin PBXBuildFile section */
		71A9BB01221695B1001064FD /* AppDelegate.swift in Sources */ = {isa = PBXBuildFile; fileRef = 71A9BB00221695B1001064FD /* AppDelegate.swift */; };
		71A9BB03221695B1001064FD /* ViewController.swift in Sources */ = {isa = PBXBuildFile; fileRef = 71A9BB02221695B1001064FD /* ViewController.swift */; };
		71A9BB06221695B1001064FD /* Main.storyboard in Resources */ = {isa = PBXBuildFile; fileRef = 71A9BB04221695B1001064FD /* Main.storyboard */; };
		71A9BB08221695B3001064FD /* Assets.xcassets in Resources */ = {isa = PBXBuildFile; fileRef = 71A9BB07221695B3001064FD /* Assets.xcassets */; };
		71A9BB0B221695B3001064FD /* LaunchScreen.storyboard in Resources */ = {isa = PBXBuildFile; fileRef = 71A9BB09221695B3001064FD /* LaunchScreen.storyboard */; };
		71A9BB16221695B3001064FD /* PureMusicPlayerTests.swift in Sources */ = {isa = PBXBuildFile; fileRef = 71A9BB15221695B3001064FD /* PureMusicPlayerTests.swift */; };
		71A9BB21221695B3001064FD /* PureMusicPlayerUITests.swift in Sources */ = {isa = PBXBuildFile; fileRef = 71A9BB20221695B3001064FD /* PureMusicPlayerUITests.swift */; };
		71AF815A2220FC5500AD7363 /* OptionsViewController.swift in Sources */ = {isa = PBXBuildFile; fileRef = 71AF81592220FC5500AD7363 /* OptionsViewController.swift */; };
		71F032D8221696F10019D20B /* PureMusicPlayer.m in Sources */ = {isa = PBXBuildFile; fileRef = 71F032D7221696F10019D20B /* PureMusicPlayer.m */; };
/* End PBXBuildFile section */

/* Begin PBXContainerItemProxy section */
		71A9BB12221695B3001064FD /* PBXContainerItemProxy */ = {
			isa = PBXContainerItemProxy;
			containerPortal = 71A9BAF5221695B1001064FD /* Project object */;
			proxyType = 1;
			remoteGlobalIDString = 71A9BAFC221695B1001064FD;
			remoteInfo = PureMusicPlayer;
		};
		71A9BB1D221695B3001064FD /* PBXContainerItemProxy */ = {
			isa = PBXContainerItemProxy;
			containerPortal = 71A9BAF5221695B1001064FD /* Project object */;
			proxyType = 1;
			remoteGlobalIDString = 71A9BAFC221695B1001064FD;
			remoteInfo = PureMusicPlayer;
		};
/* End PBXContainerItemProxy section */

/* Begin PBXFileReference section */
		71A9BAFD221695B1001064FD /* PureMusicPlayer.app */ = {isa = PBXFileReference; explicitFileType = wrapper.application; includeInIndex = 0; path = PureMusicPlayer.app; sourceTree = BUILT_PRODUCTS_DIR; };
		71A9BB00221695B1001064FD /* AppDelegate.swift */ = {isa = PBXFileReference; indentWidth = 2; lastKnownFileType = sourcecode.swift; path = AppDelegate.swift; sourceTree = "<group>"; };
		71A9BB02221695B1001064FD /* ViewController.swift */ = {isa = PBXFileReference; indentWidth = 2; lastKnownFileType = sourcecode.swift; path = ViewController.swift; sourceTree = "<group>"; tabWidth = 4; usesTabs = 0; };
		71A9BB05221695B1001064FD /* Base */ = {isa = PBXFileReference; lastKnownFileType = file.storyboard; name = Base; path = Base.lproj/Main.storyboard; sourceTree = "<group>"; };
		71A9BB07221695B3001064FD /* Assets.xcassets */ = {isa = PBXFileReference; lastKnownFileType = folder.assetcatalog; path = Assets.xcassets; sourceTree = "<group>"; };
		71A9BB0A221695B3001064FD /* Base */ = {isa = PBXFileReference; lastKnownFileType = file.storyboard; name = Base; path = Base.lproj/LaunchScreen.storyboard; sourceTree = "<group>"; };
		71A9BB0C221695B3001064FD /* Info.plist */ = {isa = PBXFileReference; lastKnownFileType = text.plist.xml; path = Info.plist; sourceTree = "<group>"; };
		71A9BB11221695B3001064FD /* PureMusicPlayerTests.xctest */ = {isa = PBXFileReference; explicitFileType = wrapper.cfbundle; includeInIndex = 0; path = PureMusicPlayerTests.xctest; sourceTree = BUILT_PRODUCTS_DIR; };
		71A9BB15221695B3001064FD /* PureMusicPlayerTests.swift */ = {isa = PBXFileReference; lastKnownFileType = sourcecode.swift; path = PureMusicPlayerTests.swift; sourceTree = "<group>"; };
		71A9BB17221695B3001064FD /* Info.plist */ = {isa = PBXFileReference; lastKnownFileType = text.plist.xml; path = Info.plist; sourceTree = "<group>"; };
		71A9BB1C221695B3001064FD /* PureMusicPlayerUITests.xctest */ = {isa = PBXFileReference; explicitFileType = wrapper.cfbundle; includeInIndex = 0; path = PureMusicPlayerUITests.xctest; sourceTree = BUILT_PRODUCTS_DIR; };
		71A9BB20221695B3001064FD /* PureMusicPlayerUITests.swift */ = {isa = PBXFileReference; lastKnownFileType = sourcecode.swift; path = PureMusicPlayerUITests.swift; sourceTree = "<group>"; };
		71A9BB22221695B3001064FD /* Info.plist */ = {isa = PBXFileReference; lastKnownFileType = text.plist.xml; path = Info.plist; sourceTree = "<group>"; };
		71AF81592220FC5500AD7363 /* OptionsViewController.swift */ = {isa = PBXFileReference; lastKnownFileType = sourcecode.swift; path = OptionsViewController.swift; sourceTree = "<group>"; };
		71F032D5221696F00019D20B /* PureMusicPlayer-Bridging-Header.h */ = {isa = PBXFileReference; lastKnownFileType = sourcecode.c.h; path = "PureMusicPlayer-Bridging-Header.h"; sourceTree = "<group>"; };
		71F032D6221696F10019D20B /* PureMusicPlayer.h */ = {isa = PBXFileReference; fileEncoding = 4; lastKnownFileType = sourcecode.c.h; path = PureMusicPlayer.h; sourceTree = "<group>"; };
		71F032D7221696F10019D20B /* PureMusicPlayer.m */ = {isa = PBXFileReference; fileEncoding = 4; indentWidth = 2; lastKnownFileType = sourcecode.c.objc; path = PureMusicPlayer.m; sourceTree = "<group>"; };
/* End PBXFileReference section */

/* Begin PBXFrameworksBuildPhase section */
		71A9BAFA221695B1001064FD /* Frameworks */ = {
			isa = PBXFrameworksBuildPhase;
			buildActionMask = 2147483647;
			files = (
			);
			runOnlyForDeploymentPostprocessing = 0;
		};
		71A9BB0E221695B3001064FD /* Frameworks */ = {
			isa = PBXFrameworksBuildPhase;
			buildActionMask = 2147483647;
			files = (
			);
			runOnlyForDeploymentPostprocessing = 0;
		};
		71A9BB19221695B3001064FD /* Frameworks */ = {
			isa = PBXFrameworksBuildPhase;
			buildActionMask = 2147483647;
			files = (
			);
			runOnlyForDeploymentPostprocessing = 0;
		};
/* End PBXFrameworksBuildPhase section */

/* Begin PBXGroup section */
		71A9BAF4221695B1001064FD = {
			isa = PBXGroup;
			children = (
				71A9BAFF221695B1001064FD /* PureMusicPlayer */,
				71A9BB14221695B3001064FD /* PureMusicPlayerTests */,
				71A9BB1F221695B3001064FD /* PureMusicPlayerUITests */,
				71A9BAFE221695B1001064FD /* Products */,
			);
			indentWidth = 2;
			sourceTree = "<group>";
		};
		71A9BAFE221695B1001064FD /* Products */ = {
			isa = PBXGroup;
			children = (
				71A9BAFD221695B1001064FD /* PureMusicPlayer.app */,
				71A9BB11221695B3001064FD /* PureMusicPlayerTests.xctest */,
				71A9BB1C221695B3001064FD /* PureMusicPlayerUITests.xctest */,
			);
			name = Products;
			sourceTree = "<group>";
		};
		71A9BAFF221695B1001064FD /* PureMusicPlayer */ = {
			isa = PBXGroup;
			children = (
				71A9BB00221695B1001064FD /* AppDelegate.swift */,
				71F032D6221696F10019D20B /* PureMusicPlayer.h */,
				71F032D7221696F10019D20B /* PureMusicPlayer.m */,
				71A9BB02221695B1001064FD /* ViewController.swift */,
				71AF81592220FC5500AD7363 /* OptionsViewController.swift */,
				71A9BB04221695B1001064FD /* Main.storyboard */,
				71A9BB07221695B3001064FD /* Assets.xcassets */,
				71A9BB09221695B3001064FD /* LaunchScreen.storyboard */,
				71A9BB0C221695B3001064FD /* Info.plist */,
				71F032D5221696F00019D20B /* PureMusicPlayer-Bridging-Header.h */,
			);
			path = PureMusicPlayer;
			sourceTree = "<group>";
		};
		71A9BB14221695B3001064FD /* PureMusicPlayerTests */ = {
			isa = PBXGroup;
			children = (
				71A9BB15221695B3001064FD /* PureMusicPlayerTests.swift */,
				71A9BB17221695B3001064FD /* Info.plist */,
			);
			path = PureMusicPlayerTests;
			sourceTree = "<group>";
		};
		71A9BB1F221695B3001064FD /* PureMusicPlayerUITests */ = {
			isa = PBXGroup;
			children = (
				71A9BB20221695B3001064FD /* PureMusicPlayerUITests.swift */,
				71A9BB22221695B3001064FD /* Info.plist */,
			);
			path = PureMusicPlayerUITests;
			sourceTree = "<group>";
		};
/* End PBXGroup section */

/* Begin PBXNativeTarget section */
		71A9BAFC221695B1001064FD /* PureMusicPlayer */ = {
			isa = PBXNativeTarget;
			buildConfigurationList = 71A9BB25221695B3001064FD /* Build configuration list for PBXNativeTarget "PureMusicPlayer" */;
			buildPhases = (
				71A9BAF9221695B1001064FD /* Sources */,
				71A9BAFA221695B1001064FD /* Frameworks */,
				71A9BAFB221695B1001064FD /* Resources */,
			);
			buildRules = (
			);
			dependencies = (
			);
			name = PureMusicPlayer;
			productName = PureMusicPlayer;
			productReference = 71A9BAFD221695B1001064FD /* PureMusicPlayer.app */;
			productType = "com.apple.product-type.application";
		};
		71A9BB10221695B3001064FD /* PureMusicPlayerTests */ = {
			isa = PBXNativeTarget;
			buildConfigurationList = 71A9BB28221695B3001064FD /* Build configuration list for PBXNativeTarget "PureMusicPlayerTests" */;
			buildPhases = (
				71A9BB0D221695B3001064FD /* Sources */,
				71A9BB0E221695B3001064FD /* Frameworks */,
				71A9BB0F221695B3001064FD /* Resources */,
			);
			buildRules = (
			);
			dependencies = (
				71A9BB13221695B3001064FD /* PBXTargetDependency */,
			);
			name = PureMusicPlayerTests;
			productName = PureMusicPlayerTests;
			productReference = 71A9BB11221695B3001064FD /* PureMusicPlayerTests.xctest */;
			productType = "com.apple.product-type.bundle.unit-test";
		};
		71A9BB1B221695B3001064FD /* PureMusicPlayerUITests */ = {
			isa = PBXNativeTarget;
			buildConfigurationList = 71A9BB2B221695B3001064FD /* Build configuration list for PBXNativeTarget "PureMusicPlayerUITests" */;
			buildPhases = (
				71A9BB18221695B3001064FD /* Sources */,
				71A9BB19221695B3001064FD /* Frameworks */,
				71A9BB1A221695B3001064FD /* Resources */,
			);
			buildRules = (
			);
			dependencies = (
				71A9BB1E221695B3001064FD /* PBXTargetDependency */,
			);
			name = PureMusicPlayerUITests;
			productName = PureMusicPlayerUITests;
			productReference = 71A9BB1C221695B3001064FD /* PureMusicPlayerUITests.xctest */;
			productType = "com.apple.product-type.bundle.ui-testing";
		};
/* End PBXNativeTarget section */

/* Begin PBXProject section */
		71A9BAF5221695B1001064FD /* Project object */ = {
			isa = PBXProject;
			attributes = {
				LastSwiftUpdateCheck = 1010;
				LastUpgradeCheck = 1010;
				ORGANIZATIONNAME = "Yu Kobayashi";
				TargetAttributes = {
					71A9BAFC221695B1001064FD = {
						CreatedOnToolsVersion = 10.1;
						LastSwiftMigration = 1010;
						SystemCapabilities = {
							com.apple.BackgroundModes = {
								enabled = 1;
							};
						};
					};
					71A9BB10221695B3001064FD = {
						CreatedOnToolsVersion = 10.1;
						TestTargetID = 71A9BAFC221695B1001064FD;
					};
					71A9BB1B221695B3001064FD = {
						CreatedOnToolsVersion = 10.1;
						TestTargetID = 71A9BAFC221695B1001064FD;
					};
				};
			};
			buildConfigurationList = 71A9BAF8221695B1001064FD /* Build configuration list for PBXProject "PureMusicPlayer" */;
			compatibilityVersion = "Xcode 10.0";
			developmentRegion = en;
			hasScannedForEncodings = 0;
			knownRegions = (
				en,
				Base,
			);
			mainGroup = 71A9BAF4221695B1001064FD;
			productRefGroup = 71A9BAFE221695B1001064FD /* Products */;
			projectDirPath = "";
			projectRoot = "";
			targets = (
				71A9BAFC221695B1001064FD /* PureMusicPlayer */,
				71A9BB10221695B3001064FD /* PureMusicPlayerTests */,
				71A9BB1B221695B3001064FD /* PureMusicPlayerUITests */,
			);
		};
/* End PBXProject section */

/* Begin PBXResourcesBuildPhase section */
		71A9BAFB221695B1001064FD /* Resources */ = {
			isa = PBXResourcesBuildPhase;
			buildActionMask = 2147483647;
			files = (
				71A9BB0B221695B3001064FD /* LaunchScreen.storyboard in Resources */,
				71A9BB08221695B3001064FD /* Assets.xcassets in Resources */,
				71A9BB06221695B1001064FD /* Main.storyboard in Resources */,
			);
			runOnlyForDeploymentPostprocessing = 0;
		};
		71A9BB0F221695B3001064FD /* Resources */ = {
			isa = PBXResourcesBuildPhase;
			buildActionMask = 2147483647;
			files = (
			);
			runOnlyForDeploymentPostprocessing = 0;
		};
		71A9BB1A221695B3001064FD /* Resources */ = {
			isa = PBXResourcesBuildPhase;
			buildActionMask = 2147483647;
			files = (
			);
			runOnlyForDeploymentPostprocessing = 0;
		};
/* End PBXResourcesBuildPhase section */

/* Begin PBXSourcesBuildPhase section */
		71A9BAF9221695B1001064FD /* Sources */ = {
			isa = PBXSourcesBuildPhase;
			buildActionMask = 2147483647;
			files = (
				71A9BB03221695B1001064FD /* ViewController.swift in Sources */,
				71AF815A2220FC5500AD7363 /* OptionsViewController.swift in Sources */,
				71F032D8221696F10019D20B /* PureMusicPlayer.m in Sources */,
				71A9BB01221695B1001064FD /* AppDelegate.swift in Sources */,
			);
			runOnlyForDeploymentPostprocessing = 0;
		};
		71A9BB0D221695B3001064FD /* Sources */ = {
			isa = PBXSourcesBuildPhase;
			buildActionMask = 2147483647;
			files = (
				71A9BB16221695B3001064FD /* PureMusicPlayerTests.swift in Sources */,
			);
			runOnlyForDeploymentPostprocessing = 0;
		};
		71A9BB18221695B3001064FD /* Sources */ = {
			isa = PBXSourcesBuildPhase;
			buildActionMask = 2147483647;
			files = (
				71A9BB21221695B3001064FD /* PureMusicPlayerUITests.swift in Sources */,
			);
			runOnlyForDeploymentPostprocessing = 0;
		};
/* End PBXSourcesBuildPhase section */

/* Begin PBXTargetDependency section */
		71A9BB13221695B3001064FD /* PBXTargetDependency */ = {
			isa = PBXTargetDependency;
			target = 71A9BAFC221695B1001064FD /* PureMusicPlayer */;
			targetProxy = 71A9BB12221695B3001064FD /* PBXContainerItemProxy */;
		};
		71A9BB1E221695B3001064FD /* PBXTargetDependency */ = {
			isa = PBXTargetDependency;
			target = 71A9BAFC221695B1001064FD /* PureMusicPlayer */;
			targetProxy = 71A9BB1D221695B3001064FD /* PBXContainerItemProxy */;
		};
/* End PBXTargetDependency section */

/* Begin PBXVariantGroup section */
		71A9BB04221695B1001064FD /* Main.storyboard */ = {
			isa = PBXVariantGroup;
			children = (
				71A9BB05221695B1001064FD /* Base */,
			);
			name = Main.storyboard;
			sourceTree = "<group>";
		};
		71A9BB09221695B3001064FD /* LaunchScreen.storyboard */ = {
			isa = PBXVariantGroup;
			children = (
				71A9BB0A221695B3001064FD /* Base */,
			);
			name = LaunchScreen.storyboard;
			sourceTree = "<group>";
		};
/* End PBXVariantGroup section */

/* Begin XCBuildConfiguration section */
		71A9BB23221695B3001064FD /* Debug */ = {
			isa = XCBuildConfiguration;
			buildSettings = {
				ALWAYS_SEARCH_USER_PATHS = NO;
				CLANG_ANALYZER_NONNULL = YES;
				CLANG_ANALYZER_NUMBER_OBJECT_CONVERSION = YES_AGGRESSIVE;
				CLANG_CXX_LANGUAGE_STANDARD = "gnu++14";
				CLANG_CXX_LIBRARY = "libc++";
				CLANG_ENABLE_MODULES = YES;
				CLANG_ENABLE_OBJC_ARC = YES;
				CLANG_ENABLE_OBJC_WEAK = YES;
				CLANG_WARN_BLOCK_CAPTURE_AUTORELEASING = YES;
				CLANG_WARN_BOOL_CONVERSION = YES;
				CLANG_WARN_COMMA = YES;
				CLANG_WARN_CONSTANT_CONVERSION = YES;
				CLANG_WARN_DEPRECATED_OBJC_IMPLEMENTATIONS = YES;
				CLANG_WARN_DIRECT_OBJC_ISA_USAGE = YES_ERROR;
				CLANG_WARN_DOCUMENTATION_COMMENTS = YES;
				CLANG_WARN_EMPTY_BODY = YES;
				CLANG_WARN_ENUM_CONVERSION = YES;
				CLANG_WARN_INFINITE_RECURSION = YES;
				CLANG_WARN_INT_CONVERSION = YES;
				CLANG_WARN_NON_LITERAL_NULL_CONVERSION = YES;
				CLANG_WARN_OBJC_IMPLICIT_RETAIN_SELF = YES;
				CLANG_WARN_OBJC_LITERAL_CONVERSION = YES;
				CLANG_WARN_OBJC_ROOT_CLASS = YES_ERROR;
				CLANG_WARN_RANGE_LOOP_ANALYSIS = YES;
				CLANG_WARN_STRICT_PROTOTYPES = YES;
				CLANG_WARN_SUSPICIOUS_MOVE = YES;
				CLANG_WARN_UNGUARDED_AVAILABILITY = YES_AGGRESSIVE;
				CLANG_WARN_UNREACHABLE_CODE = YES;
				CLANG_WARN__DUPLICATE_METHOD_MATCH = YES;
				CODE_SIGN_IDENTITY = "iPhone Developer";
				COPY_PHASE_STRIP = NO;
				DEBUG_INFORMATION_FORMAT = dwarf;
				ENABLE_STRICT_OBJC_MSGSEND = YES;
				ENABLE_TESTABILITY = YES;
				GCC_C_LANGUAGE_STANDARD = gnu11;
				GCC_DYNAMIC_NO_PIC = NO;
				GCC_NO_COMMON_BLOCKS = YES;
				GCC_OPTIMIZATION_LEVEL = 0;
				GCC_PREPROCESSOR_DEFINITIONS = (
					"DEBUG=1",
					"$(inherited)",
				);
				GCC_WARN_64_TO_32_BIT_CONVERSION = YES;
				GCC_WARN_ABOUT_RETURN_TYPE = YES_ERROR;
				GCC_WARN_UNDECLARED_SELECTOR = YES;
				GCC_WARN_UNINITIALIZED_AUTOS = YES_AGGRESSIVE;
				GCC_WARN_UNUSED_FUNCTION = YES;
				GCC_WARN_UNUSED_VARIABLE = YES;
				IPHONEOS_DEPLOYMENT_TARGET = 12.1;
				MTL_ENABLE_DEBUG_INFO = INCLUDE_SOURCE;
				MTL_FAST_MATH = YES;
				ONLY_ACTIVE_ARCH = YES;
				SDKROOT = iphoneos;
				SWIFT_ACTIVE_COMPILATION_CONDITIONS = DEBUG;
				SWIFT_OPTIMIZATION_LEVEL = "-Onone";
			};
			name = Debug;
		};
		71A9BB24221695B3001064FD /* Release */ = {
			isa = XCBuildConfiguration;
			buildSettings = {
				ALWAYS_SEARCH_USER_PATHS = NO;
				CLANG_ANALYZER_NONNULL = YES;
				CLANG_ANALYZER_NUMBER_OBJECT_CONVERSION = YES_AGGRESSIVE;
				CLANG_CXX_LANGUAGE_STANDARD = "gnu++14";
				CLANG_CXX_LIBRARY = "libc++";
				CLANG_ENABLE_MODULES = YES;
				CLANG_ENABLE_OBJC_ARC = YES;
				CLANG_ENABLE_OBJC_WEAK = YES;
				CLANG_WARN_BLOCK_CAPTURE_AUTORELEASING = YES;
				CLANG_WARN_BOOL_CONVERSION = YES;
				CLANG_WARN_COMMA = YES;
				CLANG_WARN_CONSTANT_CONVERSION = YES;
				CLANG_WARN_DEPRECATED_OBJC_IMPLEMENTATIONS = YES;
				CLANG_WARN_DIRECT_OBJC_ISA_USAGE = YES_ERROR;
				CLANG_WARN_DOCUMENTATION_COMMENTS = YES;
				CLANG_WARN_EMPTY_BODY = YES;
				CLANG_WARN_ENUM_CONVERSION = YES;
				CLANG_WARN_INFINITE_RECURSION = YES;
				CLANG_WARN_INT_CONVERSION = YES;
				CLANG_WARN_NON_LITERAL_NULL_CONVERSION = YES;
				CLANG_WARN_OBJC_IMPLICIT_RETAIN_SELF = YES;
				CLANG_WARN_OBJC_LITERAL_CONVERSION = YES;
				CLANG_WARN_OBJC_ROOT_CLASS = YES_ERROR;
				CLANG_WARN_RANGE_LOOP_ANALYSIS = YES;
				CLANG_WARN_STRICT_PROTOTYPES = YES;
				CLANG_WARN_SUSPICIOUS_MOVE = YES;
				CLANG_WARN_UNGUARDED_AVAILABILITY = YES_AGGRESSIVE;
				CLANG_WARN_UNREACHABLE_CODE = YES;
				CLANG_WARN__DUPLICATE_METHOD_MATCH = YES;
				CODE_SIGN_IDENTITY = "iPhone Developer";
				COPY_PHASE_STRIP = NO;
				DEBUG_INFORMATION_FORMAT = "dwarf-with-dsym";
				ENABLE_NS_ASSERTIONS = NO;
				ENABLE_STRICT_OBJC_MSGSEND = YES;
				GCC_C_LANGUAGE_STANDARD = gnu11;
				GCC_NO_COMMON_BLOCKS = YES;
				GCC_WARN_64_TO_32_BIT_CONVERSION = YES;
				GCC_WARN_ABOUT_RETURN_TYPE = YES_ERROR;
				GCC_WARN_UNDECLARED_SELECTOR = YES;
				GCC_WARN_UNINITIALIZED_AUTOS = YES_AGGRESSIVE;
				GCC_WARN_UNUSED_FUNCTION = YES;
				GCC_WARN_UNUSED_VARIABLE = YES;
				IPHONEOS_DEPLOYMENT_TARGET = 12.1;
				MTL_ENABLE_DEBUG_INFO = NO;
				MTL_FAST_MATH = YES;
				SDKROOT = iphoneos;
				SWIFT_COMPILATION_MODE = wholemodule;
				SWIFT_OPTIMIZATION_LEVEL = "-O";
				VALIDATE_PRODUCT = YES;
			};
			name = Release;
		};
		71A9BB26221695B3001064FD /* Debug */ = {
			isa = XCBuildConfiguration;
			buildSettings = {
				ASSETCATALOG_COMPILER_APPICON_NAME = AppIcon;
				CLANG_ENABLE_MODULES = YES;
				CODE_SIGN_STYLE = Automatic;
				DEVELOPMENT_TEAM = MCR9S6SHER;
				INFOPLIST_FILE = PureMusicPlayer/Info.plist;
				IPHONEOS_DEPLOYMENT_TARGET = 12.1;
				LD_RUNPATH_SEARCH_PATHS = (
					"$(inherited)",
					"@executable_path/Frameworks",
				);
				PRODUCT_BUNDLE_IDENTIFIER = hoge.fuga.piyo.PureMusicPlayer;
				PRODUCT_NAME = "$(TARGET_NAME)";
				SWIFT_OBJC_BRIDGING_HEADER = "PureMusicPlayer/PureMusicPlayer-Bridging-Header.h";
				SWIFT_OPTIMIZATION_LEVEL = "-Onone";
				SWIFT_VERSION = 4.2;
				TARGETED_DEVICE_FAMILY = "1,2";
			};
			name = Debug;
		};
		71A9BB27221695B3001064FD /* Release */ = {
			isa = XCBuildConfiguration;
			buildSettings = {
				ASSETCATALOG_COMPILER_APPICON_NAME = AppIcon;
				CLANG_ENABLE_MODULES = YES;
				CODE_SIGN_STYLE = Automatic;
				DEVELOPMENT_TEAM = MCR9S6SHER;
				INFOPLIST_FILE = PureMusicPlayer/Info.plist;
				IPHONEOS_DEPLOYMENT_TARGET = 12.1;
				LD_RUNPATH_SEARCH_PATHS = (
					"$(inherited)",
					"@executable_path/Frameworks",
				);
				PRODUCT_BUNDLE_IDENTIFIER = hoge.fuga.piyo.PureMusicPlayer;
				PRODUCT_NAME = "$(TARGET_NAME)";
				SWIFT_OBJC_BRIDGING_HEADER = "PureMusicPlayer/PureMusicPlayer-Bridging-Header.h";
				SWIFT_VERSION = 4.2;
				TARGETED_DEVICE_FAMILY = "1,2";
			};
			name = Release;
		};
		71A9BB29221695B3001064FD /* Debug */ = {
			isa = XCBuildConfiguration;
			buildSettings = {
				ALWAYS_EMBED_SWIFT_STANDARD_LIBRARIES = YES;
				BUNDLE_LOADER = "$(TEST_HOST)";
				CODE_SIGN_STYLE = Automatic;
				DEVELOPMENT_TEAM = MCR9S6SHER;
				INFOPLIST_FILE = PureMusicPlayerTests/Info.plist;
				LD_RUNPATH_SEARCH_PATHS = (
					"$(inherited)",
					"@executable_path/Frameworks",
					"@loader_path/Frameworks",
				);
				PRODUCT_BUNDLE_IDENTIFIER = hoge.fuga.piyo.PureMusicPlayerTests;
				PRODUCT_NAME = "$(TARGET_NAME)";
				SWIFT_VERSION = 4.2;
				TARGETED_DEVICE_FAMILY = "1,2";
				TEST_HOST = "$(BUILT_PRODUCTS_DIR)/PureMusicPlayer.app/PureMusicPlayer";
			};
			name = Debug;
		};
		71A9BB2A221695B3001064FD /* Release */ = {
			isa = XCBuildConfiguration;
			buildSettings = {
				ALWAYS_EMBED_SWIFT_STANDARD_LIBRARIES = YES;
				BUNDLE_LOADER = "$(TEST_HOST)";
				CODE_SIGN_STYLE = Automatic;
				DEVELOPMENT_TEAM = MCR9S6SHER;
				INFOPLIST_FILE = PureMusicPlayerTests/Info.plist;
				LD_RUNPATH_SEARCH_PATHS = (
					"$(inherited)",
					"@executable_path/Frameworks",
					"@loader_path/Frameworks",
				);
				PRODUCT_BUNDLE_IDENTIFIER = hoge.fuga.piyo.PureMusicPlayerTests;
				PRODUCT_NAME = "$(TARGET_NAME)";
				SWIFT_VERSION = 4.2;
				TARGETED_DEVICE_FAMILY = "1,2";
				TEST_HOST = "$(BUILT_PRODUCTS_DIR)/PureMusicPlayer.app/PureMusicPlayer";
			};
			name = Release;
		};
		71A9BB2C221695B3001064FD /* Debug */ = {
			isa = XCBuildConfiguration;
			buildSettings = {
				ALWAYS_EMBED_SWIFT_STANDARD_LIBRARIES = YES;
				CODE_SIGN_STYLE = Automatic;
				DEVELOPMENT_TEAM = MCR9S6SHER;
				INFOPLIST_FILE = PureMusicPlayerUITests/Info.plist;
				LD_RUNPATH_SEARCH_PATHS = (
					"$(inherited)",
					"@executable_path/Frameworks",
					"@loader_path/Frameworks",
				);
				PRODUCT_BUNDLE_IDENTIFIER = hoge.fuga.piyo.PureMusicPlayerUITests;
				PRODUCT_NAME = "$(TARGET_NAME)";
				SWIFT_VERSION = 4.2;
				TARGETED_DEVICE_FAMILY = "1,2";
				TEST_TARGET_NAME = PureMusicPlayer;
			};
			name = Debug;
		};
		71A9BB2D221695B3001064FD /* Release */ = {
			isa = XCBuildConfiguration;
			buildSettings = {
				ALWAYS_EMBED_SWIFT_STANDARD_LIBRARIES = YES;
				CODE_SIGN_STYLE = Automatic;
				DEVELOPMENT_TEAM = MCR9S6SHER;
				INFOPLIST_FILE = PureMusicPlayerUITests/Info.plist;
				LD_RUNPATH_SEARCH_PATHS = (
					"$(inherited)",
					"@executable_path/Frameworks",
					"@loader_path/Frameworks",
				);
				PRODUCT_BUNDLE_IDENTIFIER = hoge.fuga.piyo.PureMusicPlayerUITests;
				PRODUCT_NAME = "$(TARGET_NAME)";
				SWIFT_VERSION = 4.2;
				TARGETED_DEVICE_FAMILY = "1,2";
				TEST_TARGET_NAME = PureMusicPlayer;
			};
			name = Release;
		};
/* End XCBuildConfiguration section */

/* Begin XCConfigurationList section */
		71A9BAF8221695B1001064FD /* Build configuration list for PBXProject "PureMusicPlayer" */ = {
			isa = XCConfigurationList;
			buildConfigurations = (
				71A9BB23221695B3001064FD /* Debug */,
				71A9BB24221695B3001064FD /* Release */,
			);
			defaultConfigurationIsVisible = 0;
			defaultConfigurationName = Release;
		};
		71A9BB25221695B3001064FD /* Build configuration list for PBXNativeTarget "PureMusicPlayer" */ = {
			isa = XCConfigurationList;
			buildConfigurations = (
				71A9BB26221695B3001064FD /* Debug */,
				71A9BB27221695B3001064FD /* Release */,
			);
			defaultConfigurationIsVisible = 0;
			defaultConfigurationName = Release;
		};
		71A9BB28221695B3001064FD /* Build configuration list for PBXNativeTarget "PureMusicPlayerTests" */ = {
			isa = XCConfigurationList;
			buildConfigurations = (
				71A9BB29221695B3001064FD /* Debug */,
				71A9BB2A221695B3001064FD /* Release */,
			);
			defaultConfigurationIsVisible = 0;
			defaultConfigurationName = Release;
		};
		71A9BB2B221695B3001064FD /* Build configuration list for PBXNativeTarget "PureMusicPlayerUITests" */ = {
			isa = XCConfigurationList;
			buildConfigurations = (
				71A9BB2C221695B3001064FD /* Debug */,
				71A9BB2D221695B3001064FD /* Release */,
			);
			defaultConfigurationIsVisible = 0;
			defaultConfigurationName = Release;
		};
/* End XCConfigurationList section */
	};
	rootObject = 71A9BAF5221695B1001064FD /* Project object */;
}
